// !$*UTF8*$!
{
	archiveVersion = 1;
	classes = {
	};
	objectVersion = 48;
	objects = {

/* Begin PBXBuildFile section */
		28D33546208027FC0095A9B7 /* AppDelegate.swift in Sources */ = {isa = PBXBuildFile; fileRef = 28D33545208027FC0095A9B7 /* AppDelegate.swift */; };
		28D33548208027FC0095A9B7 /* ViewController.swift in Sources */ = {isa = PBXBuildFile; fileRef = 28D33547208027FC0095A9B7 /* ViewController.swift */; };
		28D3354B208027FC0095A9B7 /* Main.storyboard in Resources */ = {isa = PBXBuildFile; fileRef = 28D33549208027FC0095A9B7 /* Main.storyboard */; };
		28D3354D208027FD0095A9B7 /* Assets.xcassets in Resources */ = {isa = PBXBuildFile; fileRef = 28D3354C208027FD0095A9B7 /* Assets.xcassets */; };
		28D33550208027FD0095A9B7 /* LaunchScreen.storyboard in Resources */ = {isa = PBXBuildFile; fileRef = 28D3354E208027FD0095A9B7 /* LaunchScreen.storyboard */; };
		28D3355B208027FD0095A9B7 /* carLoanCalculatorNewTests.swift in Sources */ = {isa = PBXBuildFile; fileRef = 28D3355A208027FD0095A9B7 /* carLoanCalculatorNewTests.swift */; };
		28D33566208027FD0095A9B7 /* carLoanCalculatorNewUITests.swift in Sources */ = {isa = PBXBuildFile; fileRef = 28D33565208027FD0095A9B7 /* carLoanCalculatorNewUITests.swift */; };
/* End PBXBuildFile section */

/* Begin PBXContainerItemProxy section */
		28D33557208027FD0095A9B7 /* PBXContainerItemProxy */ = {
			isa = PBXContainerItemProxy;
			containerPortal = 28D3353A208027FC0095A9B7 /* Project object */;
			proxyType = 1;
			remoteGlobalIDString = 28D33541208027FC0095A9B7;
			remoteInfo = carLoanCalculatorNew;
		};
		28D33562208027FD0095A9B7 /* PBXContainerItemProxy */ = {
			isa = PBXContainerItemProxy;
			containerPortal = 28D3353A208027FC0095A9B7 /* Project object */;
			proxyType = 1;
			remoteGlobalIDString = 28D33541208027FC0095A9B7;
			remoteInfo = carLoanCalculatorNew;
		};
/* End PBXContainerItemProxy section */

/* Begin PBXFileReference section */
		28D33542208027FC0095A9B7 /* carLoanCalculatorNew.app */ = {isa = PBXFileReference; explicitFileType = wrapper.application; includeInIndex = 0; path = carLoanCalculatorNew.app; sourceTree = BUILT_PRODUCTS_DIR; };
		28D33545208027FC0095A9B7 /* AppDelegate.swift */ = {isa = PBXFileReference; lastKnownFileType = sourcecode.swift; path = AppDelegate.swift; sourceTree = "<group>"; };
		28D33547208027FC0095A9B7 /* ViewController.swift */ = {isa = PBXFileReference; lastKnownFileType = sourcecode.swift; path = ViewController.swift; sourceTree = "<group>"; };
		28D3354A208027FC0095A9B7 /* Base */ = {isa = PBXFileReference; lastKnownFileType = file.storyboard; name = Base; path = Base.lproj/Main.storyboard; sourceTree = "<group>"; };
		28D3354C208027FD0095A9B7 /* Assets.xcassets */ = {isa = PBXFileReference; lastKnownFileType = folder.assetcatalog; path = Assets.xcassets; sourceTree = "<group>"; };
		28D3354F208027FD0095A9B7 /* Base */ = {isa = PBXFileReference; lastKnownFileType = file.storyboard; name = Base; path = Base.lproj/LaunchScreen.storyboard; sourceTree = "<group>"; };
		28D33551208027FD0095A9B7 /* Info.plist */ = {isa = PBXFileReference; lastKnownFileType = text.plist.xml; path = Info.plist; sourceTree = "<group>"; };
		28D33556208027FD0095A9B7 /* carLoanCalculatorNewTests.xctest */ = {isa = PBXFileReference; explicitFileType = wrapper.cfbundle; includeInIndex = 0; path = carLoanCalculatorNewTests.xctest; sourceTree = BUILT_PRODUCTS_DIR; };
		28D3355A208027FD0095A9B7 /* carLoanCalculatorNewTests.swift */ = {isa = PBXFileReference; lastKnownFileType = sourcecode.swift; path = carLoanCalculatorNewTests.swift; sourceTree = "<group>"; };
		28D3355C208027FD0095A9B7 /* Info.plist */ = {isa = PBXFileReference; lastKnownFileType = text.plist.xml; path = Info.plist; sourceTree = "<group>"; };
		28D33561208027FD0095A9B7 /* carLoanCalculatorNewUITests.xctest */ = {isa = PBXFileReference; explicitFileType = wrapper.cfbundle; includeInIndex = 0; path = carLoanCalculatorNewUITests.xctest; sourceTree = BUILT_PRODUCTS_DIR; };
		28D33565208027FD0095A9B7 /* carLoanCalculatorNewUITests.swift */ = {isa = PBXFileReference; lastKnownFileType = sourcecode.swift; path = carLoanCalculatorNewUITests.swift; sourceTree = "<group>"; };
		28D33567208027FD0095A9B7 /* Info.plist */ = {isa = PBXFileReference; lastKnownFileType = text.plist.xml; path = Info.plist; sourceTree = "<group>"; };
/* End PBXFileReference section */

/* Begin PBXFrameworksBuildPhase section */
		28D3353F208027FC0095A9B7 /* Frameworks */ = {
			isa = PBXFrameworksBuildPhase;
			buildActionMask = 2147483647;
			files = (
			);
			runOnlyForDeploymentPostprocessing = 0;
		};
		28D33553208027FD0095A9B7 /* Frameworks */ = {
			isa = PBXFrameworksBuildPhase;
			buildActionMask = 2147483647;
			files = (
			);
			runOnlyForDeploymentPostprocessing = 0;
		};
		28D3355E208027FD0095A9B7 /* Frameworks */ = {
			isa = PBXFrameworksBuildPhase;
			buildActionMask = 2147483647;
			files = (
			);
			runOnlyForDeploymentPostprocessing = 0;
		};
/* End PBXFrameworksBuildPhase section */

/* Begin PBXGroup section */
		28D33539208027FC0095A9B7 = {
			isa = PBXGroup;
			children = (
				28D33544208027FC0095A9B7 /* carLoanCalculatorNew */,
				28D33559208027FD0095A9B7 /* carLoanCalculatorNewTests */,
				28D33564208027FD0095A9B7 /* carLoanCalculatorNewUITests */,
				28D33543208027FC0095A9B7 /* Products */,
			);
			sourceTree = "<group>";
		};
		28D33543208027FC0095A9B7 /* Products */ = {
			isa = PBXGroup;
			children = (
				28D33542208027FC0095A9B7 /* carLoanCalculatorNew.app */,
				28D33556208027FD0095A9B7 /* carLoanCalculatorNewTests.xctest */,
				28D33561208027FD0095A9B7 /* carLoanCalculatorNewUITests.xctest */,
			);
			name = Products;
			sourceTree = "<group>";
		};
		28D33544208027FC0095A9B7 /* carLoanCalculatorNew */ = {
			isa = PBXGroup;
			children = (
				28D33545208027FC0095A9B7 /* AppDelegate.swift */,
				28D33547208027FC0095A9B7 /* ViewController.swift */,
				28D33549208027FC0095A9B7 /* Main.storyboard */,
				28D3354C208027FD0095A9B7 /* Assets.xcassets */,
				28D3354E208027FD0095A9B7 /* LaunchScreen.storyboard */,
				28D33551208027FD0095A9B7 /* Info.plist */,
			);
			path = carLoanCalculatorNew;
			sourceTree = "<group>";
		};
		28D33559208027FD0095A9B7 /* carLoanCalculatorNewTests */ = {
			isa = PBXGroup;
			children = (
				28D3355A208027FD0095A9B7 /* carLoanCalculatorNewTests.swift */,
				28D3355C208027FD0095A9B7 /* Info.plist */,
			);
			path = carLoanCalculatorNewTests;
			sourceTree = "<group>";
		};
		28D33564208027FD0095A9B7 /* carLoanCalculatorNewUITests */ = {
			isa = PBXGroup;
			children = (
				28D33565208027FD0095A9B7 /* carLoanCalculatorNewUITests.swift */,
				28D33567208027FD0095A9B7 /* Info.plist */,
			);
			path = carLoanCalculatorNewUITests;
			sourceTree = "<group>";
		};
/* End PBXGroup section */

/* Begin PBXNativeTarget section */
		28D33541208027FC0095A9B7 /* carLoanCalculatorNew */ = {
			isa = PBXNativeTarget;
			buildConfigurationList = 28D3356A208027FD0095A9B7 /* Build configuration list for PBXNativeTarget "carLoanCalculatorNew" */;
			buildPhases = (
				28D3353E208027FC0095A9B7 /* Sources */,
				28D3353F208027FC0095A9B7 /* Frameworks */,
				28D33540208027FC0095A9B7 /* Resources */,
			);
			buildRules = (
			);
			dependencies = (
			);
			name = carLoanCalculatorNew;
			productName = carLoanCalculatorNew;
			productReference = 28D33542208027FC0095A9B7 /* carLoanCalculatorNew.app */;
			productType = "com.apple.product-type.application";
		};
		28D33555208027FD0095A9B7 /* carLoanCalculatorNewTests */ = {
			isa = PBXNativeTarget;
			buildConfigurationList = 28D3356D208027FD0095A9B7 /* Build configuration list for PBXNativeTarget "carLoanCalculatorNewTests" */;
			buildPhases = (
				28D33552208027FD0095A9B7 /* Sources */,
				28D33553208027FD0095A9B7 /* Frameworks */,
				28D33554208027FD0095A9B7 /* Resources */,
			);
			buildRules = (
			);
			dependencies = (
				28D33558208027FD0095A9B7 /* PBXTargetDependency */,
			);
			name = carLoanCalculatorNewTests;
			productName = carLoanCalculatorNewTests;
			productReference = 28D33556208027FD0095A9B7 /* carLoanCalculatorNewTests.xctest */;
			productType = "com.apple.product-type.bundle.unit-test";
		};
		28D33560208027FD0095A9B7 /* carLoanCalculatorNewUITests */ = {
			isa = PBXNativeTarget;
			buildConfigurationList = 28D33570208027FD0095A9B7 /* Build configuration list for PBXNativeTarget "carLoanCalculatorNewUITests" */;
			buildPhases = (
				28D3355D208027FD0095A9B7 /* Sources */,
				28D3355E208027FD0095A9B7 /* Frameworks */,
				28D3355F208027FD0095A9B7 /* Resources */,
			);
			buildRules = (
			);
			dependencies = (
				28D33563208027FD0095A9B7 /* PBXTargetDependency */,
			);
			name = carLoanCalculatorNewUITests;
			productName = carLoanCalculatorNewUITests;
			productReference = 28D33561208027FD0095A9B7 /* carLoanCalculatorNewUITests.xctest */;
			productType = "com.apple.product-type.bundle.ui-testing";
		};
/* End PBXNativeTarget section */

/* Begin PBXProject section */
		28D3353A208027FC0095A9B7 /* Project object */ = {
			isa = PBXProject;
			attributes = {
				LastSwiftUpdateCheck = 0920;
				LastUpgradeCheck = 0920;
				ORGANIZATIONNAME = "Emanuel Zapata";
				TargetAttributes = {
					28D33541208027FC0095A9B7 = {
						CreatedOnToolsVersion = 9.2;
						ProvisioningStyle = Automatic;
					};
					28D33555208027FD0095A9B7 = {
						CreatedOnToolsVersion = 9.2;
						ProvisioningStyle = Automatic;
						TestTargetID = 28D33541208027FC0095A9B7;
					};
					28D33560208027FD0095A9B7 = {
						CreatedOnToolsVersion = 9.2;
						ProvisioningStyle = Automatic;
						TestTargetID = 28D33541208027FC0095A9B7;
					};
				};
			};
			buildConfigurationList = 28D3353D208027FC0095A9B7 /* Build configuration list for PBXProject "carLoanCalculatorNew" */;
			compatibilityVersion = "Xcode 8.0";
			developmentRegion = en;
			hasScannedForEncodings = 0;
			knownRegions = (
				en,
				Base,
			);
			mainGroup = 28D33539208027FC0095A9B7;
			productRefGroup = 28D33543208027FC0095A9B7 /* Products */;
			projectDirPath = "";
			projectRoot = "";
			targets = (
				28D33541208027FC0095A9B7 /* carLoanCalculatorNew */,
				28D33555208027FD0095A9B7 /* carLoanCalculatorNewTests */,
				28D33560208027FD0095A9B7 /* carLoanCalculatorNewUITests */,
			);
		};
/* End PBXProject section */

/* Begin PBXResourcesBuildPhase section */
		28D33540208027FC0095A9B7 /* Resources */ = {
			isa = PBXResourcesBuildPhase;
			buildActionMask = 2147483647;
			files = (
				28D33550208027FD0095A9B7 /* LaunchScreen.storyboard in Resources */,
				28D3354D208027FD0095A9B7 /* Assets.xcassets in Resources */,
				28D3354B208027FC0095A9B7 /* Main.storyboard in Resources */,
			);
			runOnlyForDeploymentPostprocessing = 0;
		};
		28D33554208027FD0095A9B7 /* Resources */ = {
			isa = PBXResourcesBuildPhase;
			buildActionMask = 2147483647;
			files = (
			);
			runOnlyForDeploymentPostprocessing = 0;
		};
		28D3355F208027FD0095A9B7 /* Resources */ = {
			isa = PBXResourcesBuildPhase;
			buildActionMask = 2147483647;
			files = (
			);
			runOnlyForDeploymentPostprocessing = 0;
		};
/* End PBXResourcesBuildPhase section */

/* Begin PBXSourcesBuildPhase section */
		28D3353E208027FC0095A9B7 /* Sources */ = {
			isa = PBXSourcesBuildPhase;
			buildActionMask = 2147483647;
			files = (
				28D33548208027FC0095A9B7 /* ViewController.swift in Sources */,
				28D33546208027FC0095A9B7 /* AppDelegate.swift in Sources */,
			);
			runOnlyForDeploymentPostprocessing = 0;
		};
		28D33552208027FD0095A9B7 /* Sources */ = {
			isa = PBXSourcesBuildPhase;
			buildActionMask = 2147483647;
			files = (
				28D3355B208027FD0095A9B7 /* carLoanCalculatorNewTests.swift in Sources */,
			);
			runOnlyForDeploymentPostprocessing = 0;
		};
		28D3355D208027FD0095A9B7 /* Sources */ = {
			isa = PBXSourcesBuildPhase;
			buildActionMask = 2147483647;
			files = (
				28D33566208027FD0095A9B7 /* carLoanCalculatorNewUITests.swift in Sources */,
			);
			runOnlyForDeploymentPostprocessing = 0;
		};
/* End PBXSourcesBuildPhase section */

/* Begin PBXTargetDependency section */
		28D33558208027FD0095A9B7 /* PBXTargetDependency */ = {
			isa = PBXTargetDependency;
			target = 28D33541208027FC0095A9B7 /* carLoanCalculatorNew */;
			targetProxy = 28D33557208027FD0095A9B7 /* PBXContainerItemProxy */;
		};
		28D33563208027FD0095A9B7 /* PBXTargetDependency */ = {
			isa = PBXTargetDependency;
			target = 28D33541208027FC0095A9B7 /* carLoanCalculatorNew */;
			targetProxy = 28D33562208027FD0095A9B7 /* PBXContainerItemProxy */;
		};
/* End PBXTargetDependency section */

/* Begin PBXVariantGroup section */
		28D33549208027FC0095A9B7 /* Main.storyboard */ = {
			isa = PBXVariantGroup;
			children = (
				28D3354A208027FC0095A9B7 /* Base */,
			);
			name = Main.storyboard;
			sourceTree = "<group>";
		};
		28D3354E208027FD0095A9B7 /* LaunchScreen.storyboard */ = {
			isa = PBXVariantGroup;
			children = (
				28D3354F208027FD0095A9B7 /* Base */,
			);
			name = LaunchScreen.storyboard;
			sourceTree = "<group>";
		};
/* End PBXVariantGroup section */

/* Begin XCBuildConfiguration section */
		28D33568208027FD0095A9B7 /* Debug */ = {
			isa = XCBuildConfiguration;
			buildSettings = {
				ALWAYS_SEARCH_USER_PATHS = NO;
				CLANG_ANALYZER_NONNULL = YES;
				CLANG_ANALYZER_NUMBER_OBJECT_CONVERSION = YES_AGGRESSIVE;
				CLANG_CXX_LANGUAGE_STANDARD = "gnu++14";
				CLANG_CXX_LIBRARY = "libc++";
				CLANG_ENABLE_MODULES = YES;
				CLANG_ENABLE_OBJC_ARC = YES;
				CLANG_WARN_BLOCK_CAPTURE_AUTORELEASING = YES;
				CLANG_WARN_BOOL_CONVERSION = YES;
				CLANG_WARN_COMMA = YES;
				CLANG_WARN_CONSTANT_CONVERSION = YES;
				CLANG_WARN_DIRECT_OBJC_ISA_USAGE = YES_ERROR;
				CLANG_WARN_DOCUMENTATION_COMMENTS = YES;
				CLANG_WARN_EMPTY_BODY = YES;
				CLANG_WARN_ENUM_CONVERSION = YES;
				CLANG_WARN_INFINITE_RECURSION = YES;
				CLANG_WARN_INT_CONVERSION = YES;
				CLANG_WARN_NON_LITERAL_NULL_CONVERSION = YES;
				CLANG_WARN_OBJC_LITERAL_CONVERSION = YES;
				CLANG_WARN_OBJC_ROOT_CLASS = YES_ERROR;
				CLANG_WARN_RANGE_LOOP_ANALYSIS = YES;
				CLANG_WARN_STRICT_PROTOTYPES = YES;
				CLANG_WARN_SUSPICIOUS_MOVE = YES;
				CLANG_WARN_UNGUARDED_AVAILABILITY = YES_AGGRESSIVE;
				CLANG_WARN_UNREACHABLE_CODE = YES;
				CLANG_WARN__DUPLICATE_METHOD_MATCH = YES;
				CODE_SIGN_IDENTITY = "iPhone Developer";
				COPY_PHASE_STRIP = NO;
				DEBUG_INFORMATION_FORMAT = dwarf;
				ENABLE_STRICT_OBJC_MSGSEND = YES;
				ENABLE_TESTABILITY = YES;
				GCC_C_LANGUAGE_STANDARD = gnu11;
				GCC_DYNAMIC_NO_PIC = NO;
				GCC_NO_COMMON_BLOCKS = YES;
				GCC_OPTIMIZATION_LEVEL = 0;
				GCC_PREPROCESSOR_DEFINITIONS = (
					"DEBUG=1",
					"$(inherited)",
				);
				GCC_WARN_64_TO_32_BIT_CONVERSION = YES;
				GCC_WARN_ABOUT_RETURN_TYPE = YES_ERROR;
				GCC_WARN_UNDECLARED_SELECTOR = YES;
				GCC_WARN_UNINITIALIZED_AUTOS = YES_AGGRESSIVE;
				GCC_WARN_UNUSED_FUNCTION = YES;
				GCC_WARN_UNUSED_VARIABLE = YES;
				IPHONEOS_DEPLOYMENT_TARGET = 11.2;
				MTL_ENABLE_DEBUG_INFO = YES;
				ONLY_ACTIVE_ARCH = YES;
				SDKROOT = iphoneos;
				SWIFT_ACTIVE_COMPILATION_CONDITIONS = DEBUG;
				SWIFT_OPTIMIZATION_LEVEL = "-Onone";
			};
			name = Debug;
		};
		28D33569208027FD0095A9B7 /* Release */ = {
			isa = XCBuildConfiguration;
			buildSettings = {
				ALWAYS_SEARCH_USER_PATHS = NO;
				CLANG_ANALYZER_NONNULL = YES;
				CLANG_ANALYZER_NUMBER_OBJECT_CONVERSION = YES_AGGRESSIVE;
				CLANG_CXX_LANGUAGE_STANDARD = "gnu++14";
				CLANG_CXX_LIBRARY = "libc++";
				CLANG_ENABLE_MODULES = YES;
				CLANG_ENABLE_OBJC_ARC = YES;
				CLANG_WARN_BLOCK_CAPTURE_AUTORELEASING = YES;
				CLANG_WARN_BOOL_CONVERSION = YES;
				CLANG_WARN_COMMA = YES;
				CLANG_WARN_CONSTANT_CONVERSION = YES;
				CLANG_WARN_DIRECT_OBJC_ISA_USAGE = YES_ERROR;
				CLANG_WARN_DOCUMENTATION_COMMENTS = YES;
				CLANG_WARN_EMPTY_BODY = YES;
				CLANG_WARN_ENUM_CONVERSION = YES;
				CLANG_WARN_INFINITE_RECURSION = YES;
				CLANG_WARN_INT_CONVERSION = YES;
				CLANG_WARN_NON_LITERAL_NULL_CONVERSION = YES;
				CLANG_WARN_OBJC_LITERAL_CONVERSION = YES;
				CLANG_WARN_OBJC_ROOT_CLASS = YES_ERROR;
				CLANG_WARN_RANGE_LOOP_ANALYSIS = YES;
				CLANG_WARN_STRICT_PROTOTYPES = YES;
				CLANG_WARN_SUSPICIOUS_MOVE = YES;
				CLANG_WARN_UNGUARDED_AVAILABILITY = YES_AGGRESSIVE;
				CLANG_WARN_UNREACHABLE_CODE = YES;
				CLANG_WARN__DUPLICATE_METHOD_MATCH = YES;
				CODE_SIGN_IDENTITY = "iPhone Developer";
				COPY_PHASE_STRIP = NO;
				DEBUG_INFORMATION_FORMAT = "dwarf-with-dsym";
				ENABLE_NS_ASSERTIONS = NO;
				ENABLE_STRICT_OBJC_MSGSEND = YES;
				GCC_C_LANGUAGE_STANDARD = gnu11;
				GCC_NO_COMMON_BLOCKS = YES;
				GCC_WARN_64_TO_32_BIT_CONVERSION = YES;
				GCC_WARN_ABOUT_RETURN_TYPE = YES_ERROR;
				GCC_WARN_UNDECLARED_SELECTOR = YES;
				GCC_WARN_UNINITIALIZED_AUTOS = YES_AGGRESSIVE;
				GCC_WARN_UNUSED_FUNCTION = YES;
				GCC_WARN_UNUSED_VARIABLE = YES;
				IPHONEOS_DEPLOYMENT_TARGET = 11.2;
				MTL_ENABLE_DEBUG_INFO = NO;
				SDKROOT = iphoneos;
				SWIFT_OPTIMIZATION_LEVEL = "-Owholemodule";
				VALIDATE_PRODUCT = YES;
			};
			name = Release;
		};
		28D3356B208027FD0095A9B7 /* Debug */ = {
			isa = XCBuildConfiguration;
			buildSettings = {
				ASSETCATALOG_COMPILER_APPICON_NAME = AppIcon;
				CODE_SIGN_STYLE = Automatic;
				DEVELOPMENT_TEAM = CU4CTFBCZU;
				INFOPLIST_FILE = carLoanCalculatorNew/Info.plist;
				LD_RUNPATH_SEARCH_PATHS = "$(inherited) @executable_path/Frameworks";
				PRODUCT_BUNDLE_IDENTIFIER = com.carLoanCalculatorNew;
				PRODUCT_NAME = "$(TARGET_NAME)";
				SWIFT_VERSION = 4.0;
				TARGETED_DEVICE_FAMILY = "1,2";
			};
			name = Debug;
		};
		28D3356C208027FD0095A9B7 /* Release */ = {
			isa = XCBuildConfiguration;
			buildSettings = {
				ASSETCATALOG_COMPILER_APPICON_NAME = AppIcon;
				CODE_SIGN_STYLE = Automatic;
				DEVELOPMENT_TEAM = CU4CTFBCZU;
				INFOPLIST_FILE = carLoanCalculatorNew/Info.plist;
				LD_RUNPATH_SEARCH_PATHS = "$(inherited) @executable_path/Frameworks";
				PRODUCT_BUNDLE_IDENTIFIER = com.carLoanCalculatorNew;
				PRODUCT_NAME = "$(TARGET_NAME)";
				SWIFT_VERSION = 4.0;
				TARGETED_DEVICE_FAMILY = "1,2";
			};
			name = Release;
		};
		28D3356E208027FD0095A9B7 /* Debug */ = {
			isa = XCBuildConfiguration;
			buildSettings = {
				ALWAYS_EMBED_SWIFT_STANDARD_LIBRARIES = YES;
				BUNDLE_LOADER = "$(TEST_HOST)";
				CODE_SIGN_STYLE = Automatic;
				DEVELOPMENT_TEAM = CU4CTFBCZU;
				INFOPLIST_FILE = carLoanCalculatorNewTests/Info.plist;
				LD_RUNPATH_SEARCH_PATHS = "$(inherited) @executable_path/Frameworks @loader_path/Frameworks";
				PRODUCT_BUNDLE_IDENTIFIER = com.carLoanCalculatorNewTests;
				PRODUCT_NAME = "$(TARGET_NAME)";
				SWIFT_VERSION = 4.0;
				TARGETED_DEVICE_FAMILY = "1,2";
				TEST_HOST = "$(BUILT_PRODUCTS_DIR)/carLoanCalculatorNew.app/carLoanCalculatorNew";
			};
			name = Debug;
		};
		28D3356F208027FD0095A9B7 /* Release */ = {
			isa = XCBuildConfiguration;
			buildSettings = {
				ALWAYS_EMBED_SWIFT_STANDARD_LIBRARIES = YES;
				BUNDLE_LOADER = "$(TEST_HOST)";
				CODE_SIGN_STYLE = Automatic;
				DEVELOPMENT_TEAM = CU4CTFBCZU;
				INFOPLIST_FILE = carLoanCalculatorNewTests/Info.plist;
				LD_RUNPATH_SEARCH_PATHS = "$(inherited) @executable_path/Frameworks @loader_path/Frameworks";
				PRODUCT_BUNDLE_IDENTIFIER = com.carLoanCalculatorNewTests;
				PRODUCT_NAME = "$(TARGET_NAME)";
				SWIFT_VERSION = 4.0;
				TARGETED_DEVICE_FAMILY = "1,2";
				TEST_HOST = "$(BUILT_PRODUCTS_DIR)/carLoanCalculatorNew.app/carLoanCalculatorNew";
			};
			name = Release;
		};
		28D33571208027FD0095A9B7 /* Debug */ = {
			isa = XCBuildConfiguration;
			buildSettings = {
				ALWAYS_EMBED_SWIFT_STANDARD_LIBRARIES = YES;
				CODE_SIGN_STYLE = Automatic;
				DEVELOPMENT_TEAM = CU4CTFBCZU;
				INFOPLIST_FILE = carLoanCalculatorNewUITests/Info.plist;
				LD_RUNPATH_SEARCH_PATHS = "$(inherited) @executable_path/Frameworks @loader_path/Frameworks";
				PRODUCT_BUNDLE_IDENTIFIER = com.carLoanCalculatorNewUITests;
				PRODUCT_NAME = "$(TARGET_NAME)";
				SWIFT_VERSION = 4.0;
				TARGETED_DEVICE_FAMILY = "1,2";
				TEST_TARGET_NAME = carLoanCalculatorNew;
			};
			name = Debug;
		};
		28D33572208027FD0095A9B7 /* Release */ = {
			isa = XCBuildConfiguration;
			buildSettings = {
				ALWAYS_EMBED_SWIFT_STANDARD_LIBRARIES = YES;
				CODE_SIGN_STYLE = Automatic;
				DEVELOPMENT_TEAM = CU4CTFBCZU;
				INFOPLIST_FILE = carLoanCalculatorNewUITests/Info.plist;
				LD_RUNPATH_SEARCH_PATHS = "$(inherited) @executable_path/Frameworks @loader_path/Frameworks";
				PRODUCT_BUNDLE_IDENTIFIER = com.carLoanCalculatorNewUITests;
				PRODUCT_NAME = "$(TARGET_NAME)";
				SWIFT_VERSION = 4.0;
				TARGETED_DEVICE_FAMILY = "1,2";
				TEST_TARGET_NAME = carLoanCalculatorNew;
			};
			name = Release;
		};
/* End XCBuildConfiguration section */

/* Begin XCConfigurationList section */
		28D3353D208027FC0095A9B7 /* Build configuration list for PBXProject "carLoanCalculatorNew" */ = {
			isa = XCConfigurationList;
			buildConfigurations = (
				28D33568208027FD0095A9B7 /* Debug */,
				28D33569208027FD0095A9B7 /* Release */,
			);
			defaultConfigurationIsVisible = 0;
			defaultConfigurationName = Release;
		};
		28D3356A208027FD0095A9B7 /* Build configuration list for PBXNativeTarget "carLoanCalculatorNew" */ = {
			isa = XCConfigurationList;
			buildConfigurations = (
				28D3356B208027FD0095A9B7 /* Debug */,
				28D3356C208027FD0095A9B7 /* Release */,
			);
			defaultConfigurationIsVisible = 0;
			defaultConfigurationName = Release;
		};
		28D3356D208027FD0095A9B7 /* Build configuration list for PBXNativeTarget "carLoanCalculatorNewTests" */ = {
			isa = XCConfigurationList;
			buildConfigurations = (
				28D3356E208027FD0095A9B7 /* Debug */,
				28D3356F208027FD0095A9B7 /* Release */,
			);
			defaultConfigurationIsVisible = 0;
			defaultConfigurationName = Release;
		};
		28D33570208027FD0095A9B7 /* Build configuration list for PBXNativeTarget "carLoanCalculatorNewUITests" */ = {
			isa = XCConfigurationList;
			buildConfigurations = (
				28D33571208027FD0095A9B7 /* Debug */,
				28D33572208027FD0095A9B7 /* Release */,
			);
			defaultConfigurationIsVisible = 0;
			defaultConfigurationName = Release;
		};
/* End XCConfigurationList section */
	};
	rootObject = 28D3353A208027FC0095A9B7 /* Project object */;
}
